
Microsoft Visual Studio Solution File, Format Version 12.00
# Visual Studio 2012
Project("{8BC9CEB8-8B4A-11D0-8D11-00A0C91BC942}") = "Game", "Game\Game.vcxproj", "{8BA772BB-1A68-416C-A2B3-34F76BFE0954}"
EndProject
Global
	GlobalSection(SolutionConfigurationPlatforms) = preSolution
		Debug|Win32 = Debug|Win32
		Release|Win32 = Release|Win32
	EndGlobalSection
	GlobalSection(ProjectConfigurationPlatforms) = postSolution
		{8BA772BB-1A68-416C-A2B3-34F76BFE0954}.Debug|Win32.ActiveCfg = Debug|Win32
		{8BA772BB-1A68-416C-A2B3-34F76BFE0954}.Debug|Win32.Build.0 = Debug|Win32
		{8BA772BB-1A68-416C-A2B3-34F76BFE0954}.Release|Win32.ActiveCfg = Release|Win32
		{8BA772BB-1A68-416C-A2B3-34F76BFE0954}.Release|Win32.Build.0 = Release|Win32
	EndGlobalSection
	GlobalSection(SolutionProperties) = preSolution
		HideSolutionNode = FALSE
	EndGlobalSection
EndGlobal
